
Microsoft Visual Studio Solution File, Format Version 12.00
# Visual Studio Version 17
VisualStudioVersion = 17.6.33723.286
MinimumVisualStudioVersion = 10.0.40219.1
Project("{FAE04EC0-301F-11D3-BF4B-00C04F79EFBC}") = "LottoApp", "LottoApp\LottoApp.csproj", "{27C933DE-DE3F-48BD-A4B7-BC7535A16518}"
EndProject
Project("{FAE04EC0-301F-11D3-BF4B-00C04F79EFBC}") = "CalculatorApp", "CalculatorApp\CalculatorApp.csproj", "{66B06C5F-A904-4AEC-81DE-C1481A22FDD3}"
EndProject
Global
	GlobalSection(SolutionConfigurationPlatforms) = preSolution
		Debug|Any CPU = Debug|Any CPU
		Release|Any CPU = Release|Any CPU
	EndGlobalSection
	GlobalSection(ProjectConfigurationPlatforms) = postSolution
		{27C933DE-DE3F-48BD-A4B7-BC7535A16518}.Debug|Any CPU.ActiveCfg = Debug|Any CPU
		{27C933DE-DE3F-48BD-A4B7-BC7535A16518}.Debug|Any CPU.Build.0 = Debug|Any CPU
		{27C933DE-DE3F-48BD-A4B7-BC7535A16518}.Release|Any CPU.ActiveCfg = Release|Any CPU
		{27C933DE-DE3F-48BD-A4B7-BC7535A16518}.Release|Any CPU.Build.0 = Release|Any CPU
		{66B06C5F-A904-4AEC-81DE-C1481A22FDD3}.Debug|Any CPU.ActiveCfg = Debug|Any CPU
		{66B06C5F-A904-4AEC-81DE-C1481A22FDD3}.Debug|Any CPU.Build.0 = Debug|Any CPU
		{66B06C5F-A904-4AEC-81DE-C1481A22FDD3}.Release|Any CPU.ActiveCfg = Release|Any CPU
		{66B06C5F-A904-4AEC-81DE-C1481A22FDD3}.Release|Any CPU.Build.0 = Release|Any CPU
	EndGlobalSection
	GlobalSection(SolutionProperties) = preSolution
		HideSolutionNode = FALSE
	EndGlobalSection
	GlobalSection(ExtensibilityGlobals) = postSolution
		SolutionGuid = {A05016A4-D3C6-4708-A7E4-9E50DC019CFB}
	EndGlobalSection
EndGlobal
